
Microsoft Visual Studio Solution File, Format Version 12.00
# Visual Studio Version 17
VisualStudioVersion = 17.14.36401.2 d17.14
MinimumVisualStudioVersion = 10.0.40219.1
Project("{FAE04EC0-301F-11D3-BF4B-00C04F79EFBC}") = "CapaPresentacionAdmin", "CapaPresentacionAdmin\CapaPresentacionAdmin.csproj", "{233887EE-48E9-420A-BB60-0CC17910C103}"
EndProject
Project("{FAE04EC0-301F-11D3-BF4B-00C04F79EFBC}") = "CapaPresentacionTienda", "CapaPresentacionTienda\CapaPresentacionTienda.csproj", "{A2497C2C-2E49-4CC9-8B56-6BD01D987C7E}"
EndProject
Project("{FAE04EC0-301F-11D3-BF4B-00C04F79EFBC}") = "Datos", "Datos\Datos.csproj", "{DDEAB376-4F7B-44D0-B61D-7966033CE3CE}"
EndProject
Project("{FAE04EC0-301F-11D3-BF4B-00C04F79EFBC}") = "Entidad", "Entidad\Entidad.csproj", "{58D0BF78-870D-4069-A942-39DDB007246F}"
EndProject
Project("{FAE04EC0-301F-11D3-BF4B-00C04F79EFBC}") = "Negocio", "Negocio\Negocio.csproj", "{6980BCE4-BAD3-4C2A-8F77-6524B2BDE50F}"
EndProject
Global
	GlobalSection(SolutionConfigurationPlatforms) = preSolution
		Debug|Any CPU = Debug|Any CPU
		Release|Any CPU = Release|Any CPU
	EndGlobalSection
	GlobalSection(ProjectConfigurationPlatforms) = postSolution
		{233887EE-48E9-420A-BB60-0CC17910C103}.Debug|Any CPU.ActiveCfg = Debug|Any CPU
		{233887EE-48E9-420A-BB60-0CC17910C103}.Debug|Any CPU.Build.0 = Debug|Any CPU
		{233887EE-48E9-420A-BB60-0CC17910C103}.Release|Any CPU.ActiveCfg = Release|Any CPU
		{233887EE-48E9-420A-BB60-0CC17910C103}.Release|Any CPU.Build.0 = Release|Any CPU
		{A2497C2C-2E49-4CC9-8B56-6BD01D987C7E}.Debug|Any CPU.ActiveCfg = Debug|Any CPU
		{A2497C2C-2E49-4CC9-8B56-6BD01D987C7E}.Debug|Any CPU.Build.0 = Debug|Any CPU
		{A2497C2C-2E49-4CC9-8B56-6BD01D987C7E}.Release|Any CPU.ActiveCfg = Release|Any CPU
		{A2497C2C-2E49-4CC9-8B56-6BD01D987C7E}.Release|Any CPU.Build.0 = Release|Any CPU
		{DDEAB376-4F7B-44D0-B61D-7966033CE3CE}.Debug|Any CPU.ActiveCfg = Debug|Any CPU
		{DDEAB376-4F7B-44D0-B61D-7966033CE3CE}.Debug|Any CPU.Build.0 = Debug|Any CPU
		{DDEAB376-4F7B-44D0-B61D-7966033CE3CE}.Release|Any CPU.ActiveCfg = Release|Any CPU
		{DDEAB376-4F7B-44D0-B61D-7966033CE3CE}.Release|Any CPU.Build.0 = Release|Any CPU
		{58D0BF78-870D-4069-A942-39DDB007246F}.Debug|Any CPU.ActiveCfg = Debug|Any CPU
		{58D0BF78-870D-4069-A942-39DDB007246F}.Debug|Any CPU.Build.0 = Debug|Any CPU
		{58D0BF78-870D-4069-A942-39DDB007246F}.Release|Any CPU.ActiveCfg = Release|Any CPU
		{58D0BF78-870D-4069-A942-39DDB007246F}.Release|Any CPU.Build.0 = Release|Any CPU
		{6980BCE4-BAD3-4C2A-8F77-6524B2BDE50F}.Debug|Any CPU.ActiveCfg = Debug|Any CPU
		{6980BCE4-BAD3-4C2A-8F77-6524B2BDE50F}.Debug|Any CPU.Build.0 = Debug|Any CPU
		{6980BCE4-BAD3-4C2A-8F77-6524B2BDE50F}.Release|Any CPU.ActiveCfg = Release|Any CPU
		{6980BCE4-BAD3-4C2A-8F77-6524B2BDE50F}.Release|Any CPU.Build.0 = Release|Any CPU
	EndGlobalSection
	GlobalSection(SolutionProperties) = preSolution
		HideSolutionNode = FALSE
	EndGlobalSection
	GlobalSection(ExtensibilityGlobals) = postSolution
		SolutionGuid = {B48A5EE6-7588-4BE2-B64C-8FAED2D62759}
	EndGlobalSection
EndGlobal
